{
  "name": "timeclock",
  "version": "1.0.0",
  "lockfileVersion": 3,
  "requires": true,
  "packages": {
    "": {
      "name": "timeclock",
      "version": "1.0.0",
      "license": "ISC",
      "dependencies": {
        "dayjs": "^1.11.18",
        "micromodal": "^0.6.1"
      }
    },
    "node_modules/dayjs": {
      "version": "1.11.18",
      "resolved": "https://registry.npmjs.org/dayjs/-/dayjs-1.11.18.tgz",
      "integrity": "sha512-zFBQ7WFRvVRhKcWoUh+ZA1g2HVgUbsZm9sbddh8EC5iv93sui8DVVz1Npvz+r6meo9VKfa8NyLWBsQK1VvIKPA==",
      "license": "MIT"
    },
    "node_modules/micromodal": {
      "version": "0.6.1",
      "resolved": "https://registry.npmjs.org/micromodal/-/micromodal-0.6.1.tgz",
      "integrity": "sha512-rw1fOptxQe3XGDm9xil9hBC2ylPb1kKZyYv4FlK54R/7L+KG+D8SQxPL5L8OlEXAhBDHckeoULYxWSYU9rg/RA==",
      "license": "ISC",
      "engines": {
        "node": ">=10"
      }
    }
  }
}
